PODS:
  - Alamofire (5.0.0.beta.1)
  - SwiftLint (0.29.2)

DEPENDENCIES:
  - Alamofire (~> 5.0.0.beta.1)
  - SwiftLint

SPEC REPOS:
  https://github.com/cocoapods/specs.git:
    - Alamofire
    - SwiftLint

SPEC CHECKSUMS:
  Alamofire: 2ef6d6c984c5d21c366e9b41a9ae7dfee2b67a44
  SwiftLint: 47df60bdea6e7e902b193b6596db8683aafd86a3

PODFILE CHECKSUM: 6767dcb210448251172de47cc765388cda2e59db

COCOAPODS: 1.5.3
